PODS:
  - Alamofire (5.0.0-rc.3)
  - Realm (3.21.0):
    - Realm/Headers (= 3.21.0)
  - Realm/Headers (3.21.0)
  - RealmSwift (3.21.0):
    - Realm (= 3.21.0)

DEPENDENCIES:
  - Alamofire (~> 5.0.0-rc.3)
  - RealmSwift

SPEC REPOS:
  trunk:
    - Alamofire
    - Realm
    - RealmSwift

SPEC CHECKSUMS:
  Alamofire: ca8c0de6906873be89d6deec5c8de279e00bf872
  Realm: 38e9dcb19104b58407167d99f70d4995f7c16023
  RealmSwift: 3183cc1ad48378fbcd634311b22c0e6c44021152

PODFILE CHECKSUM: b18312e54cb5455b371ab9bc29b07b0550909edc

COCOAPODS: 1.8.1
